
Microsoft Visual Studio Solution File, Format Version 12.00
# Visual Studio 15
VisualStudioVersion = 15.0.28307.168
MinimumVisualStudioVersion = 10.0.40219.1
Project("{9A19103F-16F7-4668-BE54-9A1E7A4F7556}") = "server", "server.csproj", "{6EA09FEF-C173-44A0-92C8-749F3428FFB6}"
EndProject
Global
	GlobalSection(SolutionConfigurationPlatforms) = preSolution
		Debug|Any CPU = Debug|Any CPU
		Release|Any CPU = Release|Any CPU
	EndGlobalSection
	GlobalSection(ProjectConfigurationPlatforms) = postSolution
		{6EA09FEF-C173-44A0-92C8-749F3428FFB6}.Debug|Any CPU.ActiveCfg = Debug|Any CPU
		{6EA09FEF-C173-44A0-92C8-749F3428FFB6}.Debug|Any CPU.Build.0 = Debug|Any CPU
		{6EA09FEF-C173-44A0-92C8-749F3428FFB6}.Release|Any CPU.ActiveCfg = Release|Any CPU
		{6EA09FEF-C173-44A0-92C8-749F3428FFB6}.Release|Any CPU.Build.0 = Release|Any CPU
	EndGlobalSection
	GlobalSection(SolutionProperties) = preSolution
		HideSolutionNode = FALSE
	EndGlobalSection
	GlobalSection(ExtensibilityGlobals) = postSolution
		SolutionGuid = {0574BF19-194C-4E89-9874-0D8CED1D246B}
	EndGlobalSection
EndGlobal
